
Microsoft Visual Studio Solution File, Format Version 12.00
# Visual Studio Version 17
VisualStudioVersion = 17.14.36623.8 d17.14
MinimumVisualStudioVersion = 10.0.40219.1
Project("{FAE04EC0-301F-11D3-BF4B-00C04F79EFBC}") = "Misa.Fresher2025.Api", "Misa.Fresher2025.Api\Misa.Fresher2025.Api.csproj", "{94EFEF02-2345-4285-A7A4-19C5B664E726}"
EndProject
Project("{FAE04EC0-301F-11D3-BF4B-00C04F79EFBC}") = "Misa.Core", "Misa.Core\Misa.Core.csproj", "{E8A6EABC-8CE8-4AA7-845F-18D07049A4B3}"
EndProject
Project("{FAE04EC0-301F-11D3-BF4B-00C04F79EFBC}") = "Misa.Infrastructure", "Misa.Infrastructure\Misa.Infrastructure.csproj", "{F90BCF08-1624-47DC-A080-BFA309961F53}"
EndProject
Global
	GlobalSection(SolutionConfigurationPlatforms) = preSolution
		Debug|Any CPU = Debug|Any CPU
		Release|Any CPU = Release|Any CPU
	EndGlobalSection
	GlobalSection(ProjectConfigurationPlatforms) = postSolution
		{94EFEF02-2345-4285-A7A4-19C5B664E726}.Debug|Any CPU.ActiveCfg = Debug|Any CPU
		{94EFEF02-2345-4285-A7A4-19C5B664E726}.Debug|Any CPU.Build.0 = Debug|Any CPU
		{94EFEF02-2345-4285-A7A4-19C5B664E726}.Release|Any CPU.ActiveCfg = Release|Any CPU
		{94EFEF02-2345-4285-A7A4-19C5B664E726}.Release|Any CPU.Build.0 = Release|Any CPU
		{E8A6EABC-8CE8-4AA7-845F-18D07049A4B3}.Debug|Any CPU.ActiveCfg = Debug|Any CPU
		{E8A6EABC-8CE8-4AA7-845F-18D07049A4B3}.Debug|Any CPU.Build.0 = Debug|Any CPU
		{E8A6EABC-8CE8-4AA7-845F-18D07049A4B3}.Release|Any CPU.ActiveCfg = Release|Any CPU
		{E8A6EABC-8CE8-4AA7-845F-18D07049A4B3}.Release|Any CPU.Build.0 = Release|Any CPU
		{F90BCF08-1624-47DC-A080-BFA309961F53}.Debug|Any CPU.ActiveCfg = Debug|Any CPU
		{F90BCF08-1624-47DC-A080-BFA309961F53}.Debug|Any CPU.Build.0 = Debug|Any CPU
		{F90BCF08-1624-47DC-A080-BFA309961F53}.Release|Any CPU.ActiveCfg = Release|Any CPU
		{F90BCF08-1624-47DC-A080-BFA309961F53}.Release|Any CPU.Build.0 = Release|Any CPU
	EndGlobalSection
	GlobalSection(SolutionProperties) = preSolution
		HideSolutionNode = FALSE
	EndGlobalSection
	GlobalSection(ExtensibilityGlobals) = postSolution
		SolutionGuid = {E2BFA6CD-C36E-4A0F-ACA4-0069824DF2B9}
	EndGlobalSection
EndGlobal
